// !$*UTF8*$!
{
	archiveVersion = 1;
	classes = {
	};
	objectVersion = 55;
	objects = {

/* Begin PBXBuildFile section */
		FF073ED227BD52D500BB1BAB /* TestCIApp.swift in Sources */ = {isa = PBXBuildFile; fileRef = FF073ED127BD52D500BB1BAB /* TestCIApp.swift */; };
		FF073ED427BD52D500BB1BAB /* ContentView.swift in Sources */ = {isa = PBXBuildFile; fileRef = FF073ED327BD52D500BB1BAB /* ContentView.swift */; };
		FF073ED627BD52D600BB1BAB /* Assets.xcassets in Resources */ = {isa = PBXBuildFile; fileRef = FF073ED527BD52D600BB1BAB /* Assets.xcassets */; };
		FF073ED927BD52D600BB1BAB /* Preview Assets.xcassets in Resources */ = {isa = PBXBuildFile; fileRef = FF073ED827BD52D600BB1BAB /* Preview Assets.xcassets */; };
		FF073EE327BD52D600BB1BAB /* TestCITests.swift in Sources */ = {isa = PBXBuildFile; fileRef = FF073EE227BD52D600BB1BAB /* TestCITests.swift */; };
		FF073EED27BD52D600BB1BAB /* TestCIUITests.swift in Sources */ = {isa = PBXBuildFile; fileRef = FF073EEC27BD52D600BB1BAB /* TestCIUITests.swift */; };
		FF073EEF27BD52D600BB1BAB /* TestCIUITestsLaunchTests.swift in Sources */ = {isa = PBXBuildFile; fileRef = FF073EEE27BD52D600BB1BAB /* TestCIUITestsLaunchTests.swift */; };
/* End PBXBuildFile section */

/* Begin PBXContainerItemProxy section */
		FF073EDF27BD52D600BB1BAB /* PBXContainerItemProxy */ = {
			isa = PBXContainerItemProxy;
			containerPortal = FF073EC627BD52D500BB1BAB /* Project object */;
			proxyType = 1;
			remoteGlobalIDString = FF073ECD27BD52D500BB1BAB;
			remoteInfo = TestCI;
		};
		FF073EE927BD52D600BB1BAB /* PBXContainerItemProxy */ = {
			isa = PBXContainerItemProxy;
			containerPortal = FF073EC627BD52D500BB1BAB /* Project object */;
			proxyType = 1;
			remoteGlobalIDString = FF073ECD27BD52D500BB1BAB;
			remoteInfo = TestCI;
		};
/* End PBXContainerItemProxy section */

/* Begin PBXFileReference section */
		FF073ECE27BD52D500BB1BAB /* TestCI.app */ = {isa = PBXFileReference; explicitFileType = wrapper.application; includeInIndex = 0; path = TestCI.app; sourceTree = BUILT_PRODUCTS_DIR; };
		FF073ED127BD52D500BB1BAB /* TestCIApp.swift */ = {isa = PBXFileReference; lastKnownFileType = sourcecode.swift; path = TestCIApp.swift; sourceTree = "<group>"; };
		FF073ED327BD52D500BB1BAB /* ContentView.swift */ = {isa = PBXFileReference; lastKnownFileType = sourcecode.swift; path = ContentView.swift; sourceTree = "<group>"; };
		FF073ED527BD52D600BB1BAB /* Assets.xcassets */ = {isa = PBXFileReference; lastKnownFileType = folder.assetcatalog; path = Assets.xcassets; sourceTree = "<group>"; };
		FF073ED827BD52D600BB1BAB /* Preview Assets.xcassets */ = {isa = PBXFileReference; lastKnownFileType = folder.assetcatalog; path = "Preview Assets.xcassets"; sourceTree = "<group>"; };
		FF073EDE27BD52D600BB1BAB /* TestCITests.xctest */ = {isa = PBXFileReference; explicitFileType = wrapper.cfbundle; includeInIndex = 0; path = TestCITests.xctest; sourceTree = BUILT_PRODUCTS_DIR; };
		FF073EE227BD52D600BB1BAB /* TestCITests.swift */ = {isa = PBXFileReference; lastKnownFileType = sourcecode.swift; path = TestCITests.swift; sourceTree = "<group>"; };
		FF073EE827BD52D600BB1BAB /* TestCIUITests.xctest */ = {isa = PBXFileReference; explicitFileType = wrapper.cfbundle; includeInIndex = 0; path = TestCIUITests.xctest; sourceTree = BUILT_PRODUCTS_DIR; };
		FF073EEC27BD52D600BB1BAB /* TestCIUITests.swift */ = {isa = PBXFileReference; lastKnownFileType = sourcecode.swift; path = TestCIUITests.swift; sourceTree = "<group>"; };
		FF073EEE27BD52D600BB1BAB /* TestCIUITestsLaunchTests.swift */ = {isa = PBXFileReference; lastKnownFileType = sourcecode.swift; path = TestCIUITestsLaunchTests.swift; sourceTree = "<group>"; };
/* End PBXFileReference section */

/* Begin PBXFrameworksBuildPhase section */
		FF073ECB27BD52D500BB1BAB /* Frameworks */ = {
			isa = PBXFrameworksBuildPhase;
			buildActionMask = 2147483647;
			files = (
			);
			runOnlyForDeploymentPostprocessing = 0;
		};
		FF073EDB27BD52D600BB1BAB /* Frameworks */ = {
			isa = PBXFrameworksBuildPhase;
			buildActionMask = 2147483647;
			files = (
			);
			runOnlyForDeploymentPostprocessing = 0;
		};
		FF073EE527BD52D600BB1BAB /* Frameworks */ = {
			isa = PBXFrameworksBuildPhase;
			buildActionMask = 2147483647;
			files = (
			);
			runOnlyForDeploymentPostprocessing = 0;
		};
/* End PBXFrameworksBuildPhase section */

/* Begin PBXGroup section */
		FF073EC527BD52D500BB1BAB = {
			isa = PBXGroup;
			children = (
				FF073ED027BD52D500BB1BAB /* TestCI */,
				FF073EE127BD52D600BB1BAB /* TestCITests */,
				FF073EEB27BD52D600BB1BAB /* TestCIUITests */,
				FF073ECF27BD52D500BB1BAB /* Products */,
			);
			sourceTree = "<group>";
		};
		FF073ECF27BD52D500BB1BAB /* Products */ = {
			isa = PBXGroup;
			children = (
				FF073ECE27BD52D500BB1BAB /* TestCI.app */,
				FF073EDE27BD52D600BB1BAB /* TestCITests.xctest */,
				FF073EE827BD52D600BB1BAB /* TestCIUITests.xctest */,
			);
			name = Products;
			sourceTree = "<group>";
		};
		FF073ED027BD52D500BB1BAB /* TestCI */ = {
			isa = PBXGroup;
			children = (
				FF073ED127BD52D500BB1BAB /* TestCIApp.swift */,
				FF073ED327BD52D500BB1BAB /* ContentView.swift */,
				FF073ED527BD52D600BB1BAB /* Assets.xcassets */,
				FF073ED727BD52D600BB1BAB /* Preview Content */,
			);
			path = TestCI;
			sourceTree = "<group>";
		};
		FF073ED727BD52D600BB1BAB /* Preview Content */ = {
			isa = PBXGroup;
			children = (
				FF073ED827BD52D600BB1BAB /* Preview Assets.xcassets */,
			);
			path = "Preview Content";
			sourceTree = "<group>";
		};
		FF073EE127BD52D600BB1BAB /* TestCITests */ = {
			isa = PBXGroup;
			children = (
				FF073EE227BD52D600BB1BAB /* TestCITests.swift */,
			);
			path = TestCITests;
			sourceTree = "<group>";
		};
		FF073EEB27BD52D600BB1BAB /* TestCIUITests */ = {
			isa = PBXGroup;
			children = (
				FF073EEC27BD52D600BB1BAB /* TestCIUITests.swift */,
				FF073EEE27BD52D600BB1BAB /* TestCIUITestsLaunchTests.swift */,
			);
			path = TestCIUITests;
			sourceTree = "<group>";
		};
/* End PBXGroup section */

/* Begin PBXNativeTarget section */
		FF073ECD27BD52D500BB1BAB /* TestCI */ = {
			isa = PBXNativeTarget;
			buildConfigurationList = FF073EF227BD52D600BB1BAB /* Build configuration list for PBXNativeTarget "TestCI" */;
			buildPhases = (
				FF073ECA27BD52D500BB1BAB /* Sources */,
				FF073ECB27BD52D500BB1BAB /* Frameworks */,
				FF073ECC27BD52D500BB1BAB /* Resources */,
			);
			buildRules = (
			);
			dependencies = (
			);
			name = TestCI;
			productName = TestCI;
			productReference = FF073ECE27BD52D500BB1BAB /* TestCI.app */;
			productType = "com.apple.product-type.application";
		};
		FF073EDD27BD52D600BB1BAB /* TestCITests */ = {
			isa = PBXNativeTarget;
			buildConfigurationList = FF073EF527BD52D600BB1BAB /* Build configuration list for PBXNativeTarget "TestCITests" */;
			buildPhases = (
				FF073EDA27BD52D600BB1BAB /* Sources */,
				FF073EDB27BD52D600BB1BAB /* Frameworks */,
				FF073EDC27BD52D600BB1BAB /* Resources */,
			);
			buildRules = (
			);
			dependencies = (
				FF073EE027BD52D600BB1BAB /* PBXTargetDependency */,
			);
			name = TestCITests;
			productName = TestCITests;
			productReference = FF073EDE27BD52D600BB1BAB /* TestCITests.xctest */;
			productType = "com.apple.product-type.bundle.unit-test";
		};
		FF073EE727BD52D600BB1BAB /* TestCIUITests */ = {
			isa = PBXNativeTarget;
			buildConfigurationList = FF073EF827BD52D600BB1BAB /* Build configuration list for PBXNativeTarget "TestCIUITests" */;
			buildPhases = (
				FF073EE427BD52D600BB1BAB /* Sources */,
				FF073EE527BD52D600BB1BAB /* Frameworks */,
				FF073EE627BD52D600BB1BAB /* Resources */,
			);
			buildRules = (
			);
			dependencies = (
				FF073EEA27BD52D600BB1BAB /* PBXTargetDependency */,
			);
			name = TestCIUITests;
			productName = TestCIUITests;
			productReference = FF073EE827BD52D600BB1BAB /* TestCIUITests.xctest */;
			productType = "com.apple.product-type.bundle.ui-testing";
		};
/* End PBXNativeTarget section */

/* Begin PBXProject section */
		FF073EC627BD52D500BB1BAB /* Project object */ = {
			isa = PBXProject;
			attributes = {
				BuildIndependentTargetsInParallel = 1;
				LastSwiftUpdateCheck = 1310;
				LastUpgradeCheck = 1310;
				TargetAttributes = {
					FF073ECD27BD52D500BB1BAB = {
						CreatedOnToolsVersion = 13.1;
					};
					FF073EDD27BD52D600BB1BAB = {
						CreatedOnToolsVersion = 13.1;
						TestTargetID = FF073ECD27BD52D500BB1BAB;
					};
					FF073EE727BD52D600BB1BAB = {
						CreatedOnToolsVersion = 13.1;
						TestTargetID = FF073ECD27BD52D500BB1BAB;
					};
				};
			};
			buildConfigurationList = FF073EC927BD52D500BB1BAB /* Build configuration list for PBXProject "TestCI" */;
			compatibilityVersion = "Xcode 13.0";
			developmentRegion = en;
			hasScannedForEncodings = 0;
			knownRegions = (
				en,
				Base,
			);
			mainGroup = FF073EC527BD52D500BB1BAB;
			productRefGroup = FF073ECF27BD52D500BB1BAB /* Products */;
			projectDirPath = "";
			projectRoot = "";
			targets = (
				FF073ECD27BD52D500BB1BAB /* TestCI */,
				FF073EDD27BD52D600BB1BAB /* TestCITests */,
				FF073EE727BD52D600BB1BAB /* TestCIUITests */,
			);
		};
/* End PBXProject section */

/* Begin PBXResourcesBuildPhase section */
		FF073ECC27BD52D500BB1BAB /* Resources */ = {
			isa = PBXResourcesBuildPhase;
			buildActionMask = 2147483647;
			files = (
				FF073ED927BD52D600BB1BAB /* Preview Assets.xcassets in Resources */,
				FF073ED627BD52D600BB1BAB /* Assets.xcassets in Resources */,
			);
			runOnlyForDeploymentPostprocessing = 0;
		};
		FF073EDC27BD52D600BB1BAB /* Resources */ = {
			isa = PBXResourcesBuildPhase;
			buildActionMask = 2147483647;
			files = (
			);
			runOnlyForDeploymentPostprocessing = 0;
		};
		FF073EE627BD52D600BB1BAB /* Resources */ = {
			isa = PBXResourcesBuildPhase;
			buildActionMask = 2147483647;
			files = (
			);
			runOnlyForDeploymentPostprocessing = 0;
		};
/* End PBXResourcesBuildPhase section */

/* Begin PBXSourcesBuildPhase section */
		FF073ECA27BD52D500BB1BAB /* Sources */ = {
			isa = PBXSourcesBuildPhase;
			buildActionMask = 2147483647;
			files = (
				FF073ED427BD52D500BB1BAB /* ContentView.swift in Sources */,
				FF073ED227BD52D500BB1BAB /* TestCIApp.swift in Sources */,
			);
			runOnlyForDeploymentPostprocessing = 0;
		};
		FF073EDA27BD52D600BB1BAB /* Sources */ = {
			isa = PBXSourcesBuildPhase;
			buildActionMask = 2147483647;
			files = (
				FF073EE327BD52D600BB1BAB /* TestCITests.swift in Sources */,
			);
			runOnlyForDeploymentPostprocessing = 0;
		};
		FF073EE427BD52D600BB1BAB /* Sources */ = {
			isa = PBXSourcesBuildPhase;
			buildActionMask = 2147483647;
			files = (
				FF073EEF27BD52D600BB1BAB /* TestCIUITestsLaunchTests.swift in Sources */,
				FF073EED27BD52D600BB1BAB /* TestCIUITests.swift in Sources */,
			);
			runOnlyForDeploymentPostprocessing = 0;
		};
/* End PBXSourcesBuildPhase section */

/* Begin PBXTargetDependency section */
		FF073EE027BD52D600BB1BAB /* PBXTargetDependency */ = {
			isa = PBXTargetDependency;
			target = FF073ECD27BD52D500BB1BAB /* TestCI */;
			targetProxy = FF073EDF27BD52D600BB1BAB /* PBXContainerItemProxy */;
		};
		FF073EEA27BD52D600BB1BAB /* PBXTargetDependency */ = {
			isa = PBXTargetDependency;
			target = FF073ECD27BD52D500BB1BAB /* TestCI */;
			targetProxy = FF073EE927BD52D600BB1BAB /* PBXContainerItemProxy */;
		};
/* End PBXTargetDependency section */

/* Begin XCBuildConfiguration section */
		FF073EF027BD52D600BB1BAB /* Debug */ = {
			isa = XCBuildConfiguration;
			buildSettings = {
				ALWAYS_SEARCH_USER_PATHS = NO;
				CLANG_ANALYZER_NONNULL = YES;
				CLANG_ANALYZER_NUMBER_OBJECT_CONVERSION = YES_AGGRESSIVE;
				CLANG_CXX_LANGUAGE_STANDARD = "gnu++17";
				CLANG_CXX_LIBRARY = "libc++";
				CLANG_ENABLE_MODULES = YES;
				CLANG_ENABLE_OBJC_ARC = YES;
				CLANG_ENABLE_OBJC_WEAK = YES;
				CLANG_WARN_BLOCK_CAPTURE_AUTORELEASING = YES;
				CLANG_WARN_BOOL_CONVERSION = YES;
				CLANG_WARN_COMMA = YES;
				CLANG_WARN_CONSTANT_CONVERSION = YES;
				CLANG_WARN_DEPRECATED_OBJC_IMPLEMENTATIONS = YES;
				CLANG_WARN_DIRECT_OBJC_ISA_USAGE = YES_ERROR;
				CLANG_WARN_DOCUMENTATION_COMMENTS = YES;
				CLANG_WARN_EMPTY_BODY = YES;
				CLANG_WARN_ENUM_CONVERSION = YES;
				CLANG_WARN_INFINITE_RECURSION = YES;
				CLANG_WARN_INT_CONVERSION = YES;
				CLANG_WARN_NON_LITERAL_NULL_CONVERSION = YES;
				CLANG_WARN_OBJC_IMPLICIT_RETAIN_SELF = YES;
				CLANG_WARN_OBJC_LITERAL_CONVERSION = YES;
				CLANG_WARN_OBJC_ROOT_CLASS = YES_ERROR;
				CLANG_WARN_QUOTED_INCLUDE_IN_FRAMEWORK_HEADER = YES;
				CLANG_WARN_RANGE_LOOP_ANALYSIS = YES;
				CLANG_WARN_STRICT_PROTOTYPES = YES;
				CLANG_WARN_SUSPICIOUS_MOVE = YES;
				CLANG_WARN_UNGUARDED_AVAILABILITY = YES_AGGRESSIVE;
				CLANG_WARN_UNREACHABLE_CODE = YES;
				CLANG_WARN__DUPLICATE_METHOD_MATCH = YES;
				COPY_PHASE_STRIP = NO;
				DEBUG_INFORMATION_FORMAT = dwarf;
				ENABLE_STRICT_OBJC_MSGSEND = YES;
				ENABLE_TESTABILITY = YES;
				GCC_C_LANGUAGE_STANDARD = gnu11;
				GCC_DYNAMIC_NO_PIC = NO;
				GCC_NO_COMMON_BLOCKS = YES;
				GCC_OPTIMIZATION_LEVEL = 0;
				GCC_PREPROCESSOR_DEFINITIONS = (
					"DEBUG=1",
					"$(inherited)",
				);
				GCC_WARN_64_TO_32_BIT_CONVERSION = YES;
				GCC_WARN_ABOUT_RETURN_TYPE = YES_ERROR;
				GCC_WARN_UNDECLARED_SELECTOR = YES;
				GCC_WARN_UNINITIALIZED_AUTOS = YES_AGGRESSIVE;
				GCC_WARN_UNUSED_FUNCTION = YES;
				GCC_WARN_UNUSED_VARIABLE = YES;
				IPHONEOS_DEPLOYMENT_TARGET = 15.0;
				MTL_ENABLE_DEBUG_INFO = INCLUDE_SOURCE;
				MTL_FAST_MATH = YES;
				ONLY_ACTIVE_ARCH = YES;
				SDKROOT = iphoneos;
				SWIFT_ACTIVE_COMPILATION_CONDITIONS = DEBUG;
				SWIFT_OPTIMIZATION_LEVEL = "-Onone";
			};
			name = Debug;
		};
		FF073EF127BD52D600BB1BAB /* Release */ = {
			isa = XCBuildConfiguration;
			buildSettings = {
				ALWAYS_SEARCH_USER_PATHS = NO;
				CLANG_ANALYZER_NONNULL = YES;
				CLANG_ANALYZER_NUMBER_OBJECT_CONVERSION = YES_AGGRESSIVE;
				CLANG_CXX_LANGUAGE_STANDARD = "gnu++17";
				CLANG_CXX_LIBRARY = "libc++";
				CLANG_ENABLE_MODULES = YES;
				CLANG_ENABLE_OBJC_ARC = YES;
				CLANG_ENABLE_OBJC_WEAK = YES;
				CLANG_WARN_BLOCK_CAPTURE_AUTORELEASING = YES;
				CLANG_WARN_BOOL_CONVERSION = YES;
				CLANG_WARN_COMMA = YES;
				CLANG_WARN_CONSTANT_CONVERSION = YES;
				CLANG_WARN_DEPRECATED_OBJC_IMPLEMENTATIONS = YES;
				CLANG_WARN_DIRECT_OBJC_ISA_USAGE = YES_ERROR;
				CLANG_WARN_DOCUMENTATION_COMMENTS = YES;
				CLANG_WARN_EMPTY_BODY = YES;
				CLANG_WARN_ENUM_CONVERSION = YES;
				CLANG_WARN_INFINITE_RECURSION = YES;
				CLANG_WARN_INT_CONVERSION = YES;
				CLANG_WARN_NON_LITERAL_NULL_CONVERSION = YES;
				CLANG_WARN_OBJC_IMPLICIT_RETAIN_SELF = YES;
				CLANG_WARN_OBJC_LITERAL_CONVERSION = YES;
				CLANG_WARN_OBJC_ROOT_CLASS = YES_ERROR;
				CLANG_WARN_QUOTED_INCLUDE_IN_FRAMEWORK_HEADER = YES;
				CLANG_WARN_RANGE_LOOP_ANALYSIS = YES;
				CLANG_WARN_STRICT_PROTOTYPES = YES;
				CLANG_WARN_SUSPICIOUS_MOVE = YES;
				CLANG_WARN_UNGUARDED_AVAILABILITY = YES_AGGRESSIVE;
				CLANG_WARN_UNREACHABLE_CODE = YES;
				CLANG_WARN__DUPLICATE_METHOD_MATCH = YES;
				COPY_PHASE_STRIP = NO;
				DEBUG_INFORMATION_FORMAT = "dwarf-with-dsym";
				ENABLE_NS_ASSERTIONS = NO;
				ENABLE_STRICT_OBJC_MSGSEND = YES;
				GCC_C_LANGUAGE_STANDARD = gnu11;
				GCC_NO_COMMON_BLOCKS = YES;
				GCC_WARN_64_TO_32_BIT_CONVERSION = YES;
				GCC_WARN_ABOUT_RETURN_TYPE = YES_ERROR;
				GCC_WARN_UNDECLARED_SELECTOR = YES;
				GCC_WARN_UNINITIALIZED_AUTOS = YES_AGGRESSIVE;
				GCC_WARN_UNUSED_FUNCTION = YES;
				GCC_WARN_UNUSED_VARIABLE = YES;
				IPHONEOS_DEPLOYMENT_TARGET = 15.0;
				MTL_ENABLE_DEBUG_INFO = NO;
				MTL_FAST_MATH = YES;
				SDKROOT = iphoneos;
				SWIFT_COMPILATION_MODE = wholemodule;
				SWIFT_OPTIMIZATION_LEVEL = "-O";
				VALIDATE_PRODUCT = YES;
			};
			name = Release;
		};
		FF073EF327BD52D600BB1BAB /* Debug */ = {
			isa = XCBuildConfiguration;
			buildSettings = {
				ASSETCATALOG_COMPILER_APPICON_NAME = AppIcon;
				ASSETCATALOG_COMPILER_GLOBAL_ACCENT_COLOR_NAME = AccentColor;
				CODE_SIGN_STYLE = Automatic;
				CURRENT_PROJECT_VERSION = 1;
				DEVELOPMENT_ASSET_PATHS = "\"TestCI/Preview Content\"";
				DEVELOPMENT_TEAM = SES78Y8H93;
				ENABLE_PREVIEWS = YES;
				GENERATE_INFOPLIST_FILE = YES;
				INFOPLIST_KEY_UIApplicationSceneManifest_Generation = YES;
				INFOPLIST_KEY_UIApplicationSupportsIndirectInputEvents = YES;
				INFOPLIST_KEY_UILaunchScreen_Generation = YES;
				INFOPLIST_KEY_UISupportedInterfaceOrientations_iPad = "UIInterfaceOrientationPortrait UIInterfaceOrientationPortraitUpsideDown UIInterfaceOrientationLandscapeLeft UIInterfaceOrientationLandscapeRight";
				INFOPLIST_KEY_UISupportedInterfaceOrientations_iPhone = "UIInterfaceOrientationPortrait UIInterfaceOrientationLandscapeLeft UIInterfaceOrientationLandscapeRight";
				LD_RUNPATH_SEARCH_PATHS = (
					"$(inherited)",
					"@executable_path/Frameworks",
				);
				MARKETING_VERSION = 1.0;
				PRODUCT_BUNDLE_IDENTIFIER = com.zzz.TestCI;
				PRODUCT_NAME = "$(TARGET_NAME)";
				SWIFT_EMIT_LOC_STRINGS = YES;
				SWIFT_VERSION = 5.0;
				TARGETED_DEVICE_FAMILY = "1,2";
			};
			name = Debug;
		};
		FF073EF427BD52D600BB1BAB /* Release */ = {
			isa = XCBuildConfiguration;
			buildSettings = {
				ASSETCATALOG_COMPILER_APPICON_NAME = AppIcon;
				ASSETCATALOG_COMPILER_GLOBAL_ACCENT_COLOR_NAME = AccentColor;
				CODE_SIGN_STYLE = Automatic;
				CURRENT_PROJECT_VERSION = 1;
				DEVELOPMENT_ASSET_PATHS = "\"TestCI/Preview Content\"";
				DEVELOPMENT_TEAM = SES78Y8H93;
				ENABLE_PREVIEWS = YES;
				GENERATE_INFOPLIST_FILE = YES;
				INFOPLIST_KEY_UIApplicationSceneManifest_Generation = YES;
				INFOPLIST_KEY_UIApplicationSupportsIndirectInputEvents = YES;
				INFOPLIST_KEY_UILaunchScreen_Generation = YES;
				INFOPLIST_KEY_UISupportedInterfaceOrientations_iPad = "UIInterfaceOrientationPortrait UIInterfaceOrientationPortraitUpsideDown UIInterfaceOrientationLandscapeLeft UIInterfaceOrientationLandscapeRight";
				INFOPLIST_KEY_UISupportedInterfaceOrientations_iPhone = "UIInterfaceOrientationPortrait UIInterfaceOrientationLandscapeLeft UIInterfaceOrientationLandscapeRight";
				LD_RUNPATH_SEARCH_PATHS = (
					"$(inherited)",
					"@executable_path/Frameworks",
				);
				MARKETING_VERSION = 1.0;
				PRODUCT_BUNDLE_IDENTIFIER = com.zzz.TestCI;
				PRODUCT_NAME = "$(TARGET_NAME)";
				SWIFT_EMIT_LOC_STRINGS = YES;
				SWIFT_VERSION = 5.0;
				TARGETED_DEVICE_FAMILY = "1,2";
			};
			name = Release;
		};
		FF073EF627BD52D600BB1BAB /* Debug */ = {
			isa = XCBuildConfiguration;
			buildSettings = {
				ALWAYS_EMBED_SWIFT_STANDARD_LIBRARIES = YES;
				BUNDLE_LOADER = "$(TEST_HOST)";
				CODE_SIGN_STYLE = Automatic;
				CURRENT_PROJECT_VERSION = 1;
				DEVELOPMENT_TEAM = SES78Y8H93;
				GENERATE_INFOPLIST_FILE = YES;
				IPHONEOS_DEPLOYMENT_TARGET = 15.0;
				LD_RUNPATH_SEARCH_PATHS = (
					"$(inherited)",
					"@executable_path/Frameworks",
					"@loader_path/Frameworks",
				);
				MARKETING_VERSION = 1.0;
				PRODUCT_BUNDLE_IDENTIFIER = com.zzz.TestCITests;
				PRODUCT_NAME = "$(TARGET_NAME)";
				SWIFT_EMIT_LOC_STRINGS = NO;
				SWIFT_VERSION = 5.0;
				TARGETED_DEVICE_FAMILY = "1,2";
				TEST_HOST = "$(BUILT_PRODUCTS_DIR)/TestCI.app/TestCI";
			};
			name = Debug;
		};
		FF073EF727BD52D600BB1BAB /* Release */ = {
			isa = XCBuildConfiguration;
			buildSettings = {
				ALWAYS_EMBED_SWIFT_STANDARD_LIBRARIES = YES;
				BUNDLE_LOADER = "$(TEST_HOST)";
				CODE_SIGN_STYLE = Automatic;
				CURRENT_PROJECT_VERSION = 1;
				DEVELOPMENT_TEAM = SES78Y8H93;
				GENERATE_INFOPLIST_FILE = YES;
				IPHONEOS_DEPLOYMENT_TARGET = 15.0;
				LD_RUNPATH_SEARCH_PATHS = (
					"$(inherited)",
					"@executable_path/Frameworks",
					"@loader_path/Frameworks",
				);
				MARKETING_VERSION = 1.0;
				PRODUCT_BUNDLE_IDENTIFIER = com.zzz.TestCITests;
				PRODUCT_NAME = "$(TARGET_NAME)";
				SWIFT_EMIT_LOC_STRINGS = NO;
				SWIFT_VERSION = 5.0;
				TARGETED_DEVICE_FAMILY = "1,2";
				TEST_HOST = "$(BUILT_PRODUCTS_DIR)/TestCI.app/TestCI";
			};
			name = Release;
		};
		FF073EF927BD52D600BB1BAB /* Debug */ = {
			isa = XCBuildConfiguration;
			buildSettings = {
				ALWAYS_EMBED_SWIFT_STANDARD_LIBRARIES = YES;
				CODE_SIGN_STYLE = Automatic;
				CURRENT_PROJECT_VERSION = 1;
				DEVELOPMENT_TEAM = SES78Y8H93;
				GENERATE_INFOPLIST_FILE = YES;
				LD_RUNPATH_SEARCH_PATHS = (
					"$(inherited)",
					"@executable_path/Frameworks",
					"@loader_path/Frameworks",
				);
				MARKETING_VERSION = 1.0;
				PRODUCT_BUNDLE_IDENTIFIER = com.zzz.TestCIUITests;
				PRODUCT_NAME = "$(TARGET_NAME)";
				SWIFT_EMIT_LOC_STRINGS = NO;
				SWIFT_VERSION = 5.0;
				TARGETED_DEVICE_FAMILY = "1,2";
				TEST_TARGET_NAME = TestCI;
			};
			name = Debug;
		};
		FF073EFA27BD52D600BB1BAB /* Release */ = {
			isa = XCBuildConfiguration;
			buildSettings = {
				ALWAYS_EMBED_SWIFT_STANDARD_LIBRARIES = YES;
				CODE_SIGN_STYLE = Automatic;
				CURRENT_PROJECT_VERSION = 1;
				DEVELOPMENT_TEAM = SES78Y8H93;
				GENERATE_INFOPLIST_FILE = YES;
				LD_RUNPATH_SEARCH_PATHS = (
					"$(inherited)",
					"@executable_path/Frameworks",
					"@loader_path/Frameworks",
				);
				MARKETING_VERSION = 1.0;
				PRODUCT_BUNDLE_IDENTIFIER = com.zzz.TestCIUITests;
				PRODUCT_NAME = "$(TARGET_NAME)";
				SWIFT_EMIT_LOC_STRINGS = NO;
				SWIFT_VERSION = 5.0;
				TARGETED_DEVICE_FAMILY = "1,2";
				TEST_TARGET_NAME = TestCI;
			};
			name = Release;
		};
/* End XCBuildConfiguration section */

/* Begin XCConfigurationList section */
		FF073EC927BD52D500BB1BAB /* Build configuration list for PBXProject "TestCI" */ = {
			isa = XCConfigurationList;
			buildConfigurations = (
				FF073EF027BD52D600BB1BAB /* Debug */,
				FF073EF127BD52D600BB1BAB /* Release */,
			);
			defaultConfigurationIsVisible = 0;
			defaultConfigurationName = Release;
		};
		FF073EF227BD52D600BB1BAB /* Build configuration list for PBXNativeTarget "TestCI" */ = {
			isa = XCConfigurationList;
			buildConfigurations = (
				FF073EF327BD52D600BB1BAB /* Debug */,
				FF073EF427BD52D600BB1BAB /* Release */,
			);
			defaultConfigurationIsVisible = 0;
			defaultConfigurationName = Release;
		};
		FF073EF527BD52D600BB1BAB /* Build configuration list for PBXNativeTarget "TestCITests" */ = {
			isa = XCConfigurationList;
			buildConfigurations = (
				FF073EF627BD52D600BB1BAB /* Debug */,
				FF073EF727BD52D600BB1BAB /* Release */,
			);
			defaultConfigurationIsVisible = 0;
			defaultConfigurationName = Release;
		};
		FF073EF827BD52D600BB1BAB /* Build configuration list for PBXNativeTarget "TestCIUITests" */ = {
			isa = XCConfigurationList;
			buildConfigurations = (
				FF073EF927BD52D600BB1BAB /* Debug */,
				FF073EFA27BD52D600BB1BAB /* Release */,
			);
			defaultConfigurationIsVisible = 0;
			defaultConfigurationName = Release;
		};
/* End XCConfigurationList section */
	};
	rootObject = FF073EC627BD52D500BB1BAB /* Project object */;
}
